
Microsoft Visual Studio Solution File, Format Version 12.00
# Visual Studio 15
VisualStudioVersion = 15.0.28307.1585
MinimumVisualStudioVersion = 10.0.40219.1
Project("{FAE04EC0-301F-11D3-BF4B-00C04F79EFBC}") = "suma", "ConsoleApp1\suma.csproj", "{5525E97A-680D-4158-92D7-5F2BAA5255B4}"
EndProject
Project("{FAE04EC0-301F-11D3-BF4B-00C04F79EFBC}") = "multiplicar 3 numeros", "multiplicar 3 numeros\multiplicar 3 numeros.csproj", "{36F86363-8560-4D65-88B8-2C2BA5D34259}"
EndProject
Project("{FAE04EC0-301F-11D3-BF4B-00C04F79EFBC}") = "Movimiento rectilinio", "Movimiento rectilinio\Movimiento rectilinio.csproj", "{5EA43507-0C79-4954-A642-C281EB86B1C4}"
EndProject
Project("{FAE04EC0-301F-11D3-BF4B-00C04F79EFBC}") = "edad de una persona", "edad de una persona\edad de una persona.csproj", "{9F4473C3-B5A5-4100-848B-18872039FB74}"
EndProject
Project("{FAE04EC0-301F-11D3-BF4B-00C04F79EFBC}") = "calcular el porciento", "calcular el porciento\calcular el porciento.csproj", "{BF0C8182-CA15-418B-A1CC-1CF47012ACE4}"
EndProject
Project("{FAE04EC0-301F-11D3-BF4B-00C04F79EFBC}") = "porcentaje x3", "porcentaje x3\porcentaje x3.csproj", "{ACAD18CB-2F7E-48A0-A860-DD3705153237}"
EndProject
Project("{FAE04EC0-301F-11D3-BF4B-00C04F79EFBC}") = "Area de un cuadrado", "Area de un cuadrado\Area de un cuadrado.csproj", "{53214383-69D1-43A6-8DFA-323A764D886E}"
EndProject
Project("{FAE04EC0-301F-11D3-BF4B-00C04F79EFBC}") = "Promedio", "Promedio\Promedio.csproj", "{00A6382E-F5DA-4CEA-8CE4-EBFD9ADA8A50}"
EndProject
Project("{FAE04EC0-301F-11D3-BF4B-00C04F79EFBC}") = "Tienda", "Tienda\Tienda.csproj", "{90CA29F5-F35D-40AB-A782-D80AA0D6FDB5}"
EndProject
Project("{FAE04EC0-301F-11D3-BF4B-00C04F79EFBC}") = "Salario", "Salario\Salario.csproj", "{C849DB31-9762-446F-801A-28F817EFA285}"
EndProject
Global
	GlobalSection(SolutionConfigurationPlatforms) = preSolution
		Debug|Any CPU = Debug|Any CPU
		Release|Any CPU = Release|Any CPU
	EndGlobalSection
	GlobalSection(ProjectConfigurationPlatforms) = postSolution
		{5525E97A-680D-4158-92D7-5F2BAA5255B4}.Debug|Any CPU.ActiveCfg = Debug|Any CPU
		{5525E97A-680D-4158-92D7-5F2BAA5255B4}.Debug|Any CPU.Build.0 = Debug|Any CPU
		{5525E97A-680D-4158-92D7-5F2BAA5255B4}.Release|Any CPU.ActiveCfg = Release|Any CPU
		{5525E97A-680D-4158-92D7-5F2BAA5255B4}.Release|Any CPU.Build.0 = Release|Any CPU
		{36F86363-8560-4D65-88B8-2C2BA5D34259}.Debug|Any CPU.ActiveCfg = Debug|Any CPU
		{36F86363-8560-4D65-88B8-2C2BA5D34259}.Debug|Any CPU.Build.0 = Debug|Any CPU
		{36F86363-8560-4D65-88B8-2C2BA5D34259}.Release|Any CPU.ActiveCfg = Release|Any CPU
		{36F86363-8560-4D65-88B8-2C2BA5D34259}.Release|Any CPU.Build.0 = Release|Any CPU
		{5EA43507-0C79-4954-A642-C281EB86B1C4}.Debug|Any CPU.ActiveCfg = Debug|Any CPU
		{5EA43507-0C79-4954-A642-C281EB86B1C4}.Debug|Any CPU.Build.0 = Debug|Any CPU
		{5EA43507-0C79-4954-A642-C281EB86B1C4}.Release|Any CPU.ActiveCfg = Release|Any CPU
		{5EA43507-0C79-4954-A642-C281EB86B1C4}.Release|Any CPU.Build.0 = Release|Any CPU
		{9F4473C3-B5A5-4100-848B-18872039FB74}.Debug|Any CPU.ActiveCfg = Debug|Any CPU
		{9F4473C3-B5A5-4100-848B-18872039FB74}.Debug|Any CPU.Build.0 = Debug|Any CPU
		{9F4473C3-B5A5-4100-848B-18872039FB74}.Release|Any CPU.ActiveCfg = Release|Any CPU
		{9F4473C3-B5A5-4100-848B-18872039FB74}.Release|Any CPU.Build.0 = Release|Any CPU
		{BF0C8182-CA15-418B-A1CC-1CF47012ACE4}.Debug|Any CPU.ActiveCfg = Debug|Any CPU
		{BF0C8182-CA15-418B-A1CC-1CF47012ACE4}.Debug|Any CPU.Build.0 = Debug|Any CPU
		{BF0C8182-CA15-418B-A1CC-1CF47012ACE4}.Release|Any CPU.ActiveCfg = Release|Any CPU
		{BF0C8182-CA15-418B-A1CC-1CF47012ACE4}.Release|Any CPU.Build.0 = Release|Any CPU
		{ACAD18CB-2F7E-48A0-A860-DD3705153237}.Debug|Any CPU.ActiveCfg = Debug|Any CPU
		{ACAD18CB-2F7E-48A0-A860-DD3705153237}.Debug|Any CPU.Build.0 = Debug|Any CPU
		{ACAD18CB-2F7E-48A0-A860-DD3705153237}.Release|Any CPU.ActiveCfg = Release|Any CPU
		{ACAD18CB-2F7E-48A0-A860-DD3705153237}.Release|Any CPU.Build.0 = Release|Any CPU
		{53214383-69D1-43A6-8DFA-323A764D886E}.Debug|Any CPU.ActiveCfg = Debug|Any CPU
		{53214383-69D1-43A6-8DFA-323A764D886E}.Debug|Any CPU.Build.0 = Debug|Any CPU
		{53214383-69D1-43A6-8DFA-323A764D886E}.Release|Any CPU.ActiveCfg = Release|Any CPU
		{53214383-69D1-43A6-8DFA-323A764D886E}.Release|Any CPU.Build.0 = Release|Any CPU
		{00A6382E-F5DA-4CEA-8CE4-EBFD9ADA8A50}.Debug|Any CPU.ActiveCfg = Debug|Any CPU
		{00A6382E-F5DA-4CEA-8CE4-EBFD9ADA8A50}.Debug|Any CPU.Build.0 = Debug|Any CPU
		{00A6382E-F5DA-4CEA-8CE4-EBFD9ADA8A50}.Release|Any CPU.ActiveCfg = Release|Any CPU
		{00A6382E-F5DA-4CEA-8CE4-EBFD9ADA8A50}.Release|Any CPU.Build.0 = Release|Any CPU
		{90CA29F5-F35D-40AB-A782-D80AA0D6FDB5}.Debug|Any CPU.ActiveCfg = Debug|Any CPU
		{90CA29F5-F35D-40AB-A782-D80AA0D6FDB5}.Debug|Any CPU.Build.0 = Debug|Any CPU
		{90CA29F5-F35D-40AB-A782-D80AA0D6FDB5}.Release|Any CPU.ActiveCfg = Release|Any CPU
		{90CA29F5-F35D-40AB-A782-D80AA0D6FDB5}.Release|Any CPU.Build.0 = Release|Any CPU
		{C849DB31-9762-446F-801A-28F817EFA285}.Debug|Any CPU.ActiveCfg = Debug|Any CPU
		{C849DB31-9762-446F-801A-28F817EFA285}.Debug|Any CPU.Build.0 = Debug|Any CPU
		{C849DB31-9762-446F-801A-28F817EFA285}.Release|Any CPU.ActiveCfg = Release|Any CPU
		{C849DB31-9762-446F-801A-28F817EFA285}.Release|Any CPU.Build.0 = Release|Any CPU
	EndGlobalSection
	GlobalSection(SolutionProperties) = preSolution
		HideSolutionNode = FALSE
	EndGlobalSection
	GlobalSection(ExtensibilityGlobals) = postSolution
		SolutionGuid = {2BBEEABE-167D-4C98-B1F1-6995AD8DA6CB}
	EndGlobalSection
EndGlobal
